
Microsoft Visual Studio Solution File, Format Version 12.00
# Visual Studio 15
VisualStudioVersion = 15.0.28010.2048
MinimumVisualStudioVersion = 10.0.40219.1
Project("{FAE04EC0-301F-11D3-BF4B-00C04F79EFBC}") = "UdpBroadCast", "UdpBroadCast\UdpBroadCast.csproj", "{4C24E283-FFFF-45F5-9D1F-B76B6696E526}"
EndProject
Global
	GlobalSection(SolutionConfigurationPlatforms) = preSolution
		Debug|Any CPU = Debug|Any CPU
		Release|Any CPU = Release|Any CPU
	EndGlobalSection
	GlobalSection(ProjectConfigurationPlatforms) = postSolution
		{4C24E283-FFFF-45F5-9D1F-B76B6696E526}.Debug|Any CPU.ActiveCfg = Debug|Any CPU
		{4C24E283-FFFF-45F5-9D1F-B76B6696E526}.Debug|Any CPU.Build.0 = Debug|Any CPU
		{4C24E283-FFFF-45F5-9D1F-B76B6696E526}.Release|Any CPU.ActiveCfg = Release|Any CPU
		{4C24E283-FFFF-45F5-9D1F-B76B6696E526}.Release|Any CPU.Build.0 = Release|Any CPU
	EndGlobalSection
	GlobalSection(SolutionProperties) = preSolution
		HideSolutionNode = FALSE
	EndGlobalSection
	GlobalSection(ExtensibilityGlobals) = postSolution
		SolutionGuid = {072C8E3A-A93F-4657-BCBF-9EDA42972028}
	EndGlobalSection
EndGlobal
